
Microsoft Visual Studio Solution File, Format Version 12.00
# Visual Studio Version 16
VisualStudioVersion = 16.0.31105.61
MinimumVisualStudioVersion = 10.0.40219.1
Project("{FAE04EC0-301F-11D3-BF4B-00C04F79EFBC}") = "Kalkulator2", "Kalkulator2\Kalkulator2.csproj", "{FE8C1686-BCB5-41DF-8FC7-770EAB569140}"
EndProject
Global
	GlobalSection(SolutionConfigurationPlatforms) = preSolution
		Debug|Any CPU = Debug|Any CPU
		Release|Any CPU = Release|Any CPU
	EndGlobalSection
	GlobalSection(ProjectConfigurationPlatforms) = postSolution
		{FE8C1686-BCB5-41DF-8FC7-770EAB569140}.Debug|Any CPU.ActiveCfg = Debug|Any CPU
		{FE8C1686-BCB5-41DF-8FC7-770EAB569140}.Debug|Any CPU.Build.0 = Debug|Any CPU
		{FE8C1686-BCB5-41DF-8FC7-770EAB569140}.Release|Any CPU.ActiveCfg = Release|Any CPU
		{FE8C1686-BCB5-41DF-8FC7-770EAB569140}.Release|Any CPU.Build.0 = Release|Any CPU
	EndGlobalSection
	GlobalSection(SolutionProperties) = preSolution
		HideSolutionNode = FALSE
	EndGlobalSection
	GlobalSection(ExtensibilityGlobals) = postSolution
		SolutionGuid = {B6D60240-7F3A-4654-A0DF-27382D0B4F23}
	EndGlobalSection
EndGlobal
